
Microsoft Visual Studio Solution File, Format Version 12.00
# Visual Studio Version 17
VisualStudioVersion = 17.0.31903.59
MinimumVisualStudioVersion = 10.0.40219.1
Project("{2150E333-8FDC-42A3-9474-1A3956D46DE8}") = "src", "src", "{48B52186-BAE6-4B8D-8EC2-994CD15FE8C2}"
EndProject
Project("{FAE04EC0-301F-11D3-BF4B-00C04F79EFBC}") = "Draugesac.Domain", "src\Draugesac.Domain\Draugesac.Domain.csproj", "{202F410A-C4EC-4265-A8AD-37C444FFEBDB}"
EndProject
Project("{FAE04EC0-301F-11D3-BF4B-00C04F79EFBC}") = "Draugesac.Application", "src\Draugesac.Application\Draugesac.Application.csproj", "{7D6A0994-428F-4C19-A3F8-C54AB8E7C639}"
EndProject
Project("{FAE04EC0-301F-11D3-BF4B-00C04F79EFBC}") = "Draugesac.Api", "src\Draugesac.Api\Draugesac.Api.csproj", "{2EE19FDC-D19A-4C65-AC2D-4CE275535D13}"
EndProject
Project("{FAE04EC0-301F-11D3-BF4B-00C04F79EFBC}") = "Draugesac.Infrastructure", "src\Draugesac.Infrastructure\Draugesac.Infrastructure.csproj", "{3271D7B5-BB69-4FB6-9921-D8B52AA7784B}"
EndProject
Project("{2150E333-8FDC-42A3-9474-1A3956D46DE8}") = "lambda", "lambda", "{983B7F3B-81A1-43A3-9176-D3238B680652}"
EndProject
Project("{2150E333-8FDC-42A3-9474-1A3956D46DE8}") = "Draugesac.Processor", "Draugesac.Processor", "{31A9E23A-CA72-4659-8057-40E2EA8CB219}"
EndProject
Project("{2150E333-8FDC-42A3-9474-1A3956D46DE8}") = "src", "src", "{41B34BB5-2A46-4BC1-85E2-8DABD484801C}"
EndProject
Project("{FAE04EC0-301F-11D3-BF4B-00C04F79EFBC}") = "Draugesac.Processor", "lambda\Draugesac.Processor\src\Draugesac.Processor\Draugesac.Processor.csproj", "{B9D37179-F0C7-43B8-A046-598933F82545}"
EndProject
Project("{2150E333-8FDC-42A3-9474-1A3956D46DE8}") = "infra", "infra", "{C36DAFE5-433D-4B44-A531-884F1C2F3045}"
EndProject
Project("{2150E333-8FDC-42A3-9474-1A3956D46DE8}") = "src", "src", "{2E96EF0F-DE60-4907-AB8A-1645D0D42708}"
EndProject
Project("{FAE04EC0-301F-11D3-BF4B-00C04F79EFBC}") = "Infra", "infra\src\Infra\Infra.csproj", "{94A1D74B-D431-4FFE-A440-9F039186A822}"
EndProject
Project("{FAE04EC0-301F-11D3-BF4B-00C04F79EFBC}") = "Draugesac.UI", "src\Draugesac.UI\Draugesac.UI.csproj", "{4A7352E4-1EA7-4630-A26D-111D43EF15AB}"
EndProject
Global
	GlobalSection(SolutionConfigurationPlatforms) = preSolution
		Debug|Any CPU = Debug|Any CPU
		Release|Any CPU = Release|Any CPU
	EndGlobalSection
	GlobalSection(SolutionProperties) = preSolution
		HideSolutionNode = FALSE
	EndGlobalSection
	GlobalSection(ProjectConfigurationPlatforms) = postSolution
		{202F410A-C4EC-4265-A8AD-37C444FFEBDB}.Debug|Any CPU.ActiveCfg = Debug|Any CPU
		{202F410A-C4EC-4265-A8AD-37C444FFEBDB}.Debug|Any CPU.Build.0 = Debug|Any CPU
		{202F410A-C4EC-4265-A8AD-37C444FFEBDB}.Release|Any CPU.ActiveCfg = Release|Any CPU
		{202F410A-C4EC-4265-A8AD-37C444FFEBDB}.Release|Any CPU.Build.0 = Release|Any CPU
		{7D6A0994-428F-4C19-A3F8-C54AB8E7C639}.Debug|Any CPU.ActiveCfg = Debug|Any CPU
		{7D6A0994-428F-4C19-A3F8-C54AB8E7C639}.Debug|Any CPU.Build.0 = Debug|Any CPU
		{7D6A0994-428F-4C19-A3F8-C54AB8E7C639}.Release|Any CPU.ActiveCfg = Release|Any CPU
		{7D6A0994-428F-4C19-A3F8-C54AB8E7C639}.Release|Any CPU.Build.0 = Release|Any CPU
		{2EE19FDC-D19A-4C65-AC2D-4CE275535D13}.Debug|Any CPU.ActiveCfg = Debug|Any CPU
		{2EE19FDC-D19A-4C65-AC2D-4CE275535D13}.Debug|Any CPU.Build.0 = Debug|Any CPU
		{2EE19FDC-D19A-4C65-AC2D-4CE275535D13}.Release|Any CPU.ActiveCfg = Release|Any CPU
		{2EE19FDC-D19A-4C65-AC2D-4CE275535D13}.Release|Any CPU.Build.0 = Release|Any CPU
		{3271D7B5-BB69-4FB6-9921-D8B52AA7784B}.Debug|Any CPU.ActiveCfg = Debug|Any CPU
		{3271D7B5-BB69-4FB6-9921-D8B52AA7784B}.Debug|Any CPU.Build.0 = Debug|Any CPU
		{3271D7B5-BB69-4FB6-9921-D8B52AA7784B}.Release|Any CPU.ActiveCfg = Release|Any CPU
		{3271D7B5-BB69-4FB6-9921-D8B52AA7784B}.Release|Any CPU.Build.0 = Release|Any CPU
		{B9D37179-F0C7-43B8-A046-598933F82545}.Debug|Any CPU.ActiveCfg = Debug|Any CPU
		{B9D37179-F0C7-43B8-A046-598933F82545}.Debug|Any CPU.Build.0 = Debug|Any CPU
		{B9D37179-F0C7-43B8-A046-598933F82545}.Release|Any CPU.ActiveCfg = Release|Any CPU
		{B9D37179-F0C7-43B8-A046-598933F82545}.Release|Any CPU.Build.0 = Release|Any CPU
		{94A1D74B-D431-4FFE-A440-9F039186A822}.Debug|Any CPU.ActiveCfg = Debug|Any CPU
		{94A1D74B-D431-4FFE-A440-9F039186A822}.Debug|Any CPU.Build.0 = Debug|Any CPU
		{94A1D74B-D431-4FFE-A440-9F039186A822}.Release|Any CPU.ActiveCfg = Release|Any CPU
		{94A1D74B-D431-4FFE-A440-9F039186A822}.Release|Any CPU.Build.0 = Release|Any CPU
		{4A7352E4-1EA7-4630-A26D-111D43EF15AB}.Debug|Any CPU.ActiveCfg = Debug|Any CPU
		{4A7352E4-1EA7-4630-A26D-111D43EF15AB}.Debug|Any CPU.Build.0 = Debug|Any CPU
		{4A7352E4-1EA7-4630-A26D-111D43EF15AB}.Release|Any CPU.ActiveCfg = Release|Any CPU
		{4A7352E4-1EA7-4630-A26D-111D43EF15AB}.Release|Any CPU.Build.0 = Release|Any CPU
	EndGlobalSection
	GlobalSection(NestedProjects) = preSolution
		{202F410A-C4EC-4265-A8AD-37C444FFEBDB} = {48B52186-BAE6-4B8D-8EC2-994CD15FE8C2}
		{7D6A0994-428F-4C19-A3F8-C54AB8E7C639} = {48B52186-BAE6-4B8D-8EC2-994CD15FE8C2}
		{2EE19FDC-D19A-4C65-AC2D-4CE275535D13} = {48B52186-BAE6-4B8D-8EC2-994CD15FE8C2}
		{3271D7B5-BB69-4FB6-9921-D8B52AA7784B} = {48B52186-BAE6-4B8D-8EC2-994CD15FE8C2}
		{31A9E23A-CA72-4659-8057-40E2EA8CB219} = {983B7F3B-81A1-43A3-9176-D3238B680652}
		{41B34BB5-2A46-4BC1-85E2-8DABD484801C} = {31A9E23A-CA72-4659-8057-40E2EA8CB219}
		{B9D37179-F0C7-43B8-A046-598933F82545} = {41B34BB5-2A46-4BC1-85E2-8DABD484801C}
		{2E96EF0F-DE60-4907-AB8A-1645D0D42708} = {C36DAFE5-433D-4B44-A531-884F1C2F3045}
		{94A1D74B-D431-4FFE-A440-9F039186A822} = {2E96EF0F-DE60-4907-AB8A-1645D0D42708}
		{4A7352E4-1EA7-4630-A26D-111D43EF15AB} = {48B52186-BAE6-4B8D-8EC2-994CD15FE8C2}
	EndGlobalSection
EndGlobal
